
Microsoft Visual Studio Solution File, Format Version 12.00
# Visual Studio 15
VisualStudioVersion = 15.0.28010.2003
MinimumVisualStudioVersion = 10.0.40219.1
Project("{9A19103F-16F7-4668-BE54-9A1E7A4F7556}") = "SIS.WebServer", "SIS.WebServer\SIS.WebServer.csproj", "{9069BFBB-817C-4FA4-A980-E20E9DD7A469}"
EndProject
Project("{9A19103F-16F7-4668-BE54-9A1E7A4F7556}") = "SIS.HTTP", "SIS.HTTP\SIS.HTTP.csproj", "{9C8ADFD1-16AE-4365-A160-A1C6091A0509}"
EndProject
Project("{9A19103F-16F7-4668-BE54-9A1E7A4F7556}") = "SIS.Framework", "SIS.Framework\SIS.Framework.csproj", "{035FAB55-6E4D-4C26-AB35-DBB6332CBE58}"
EndProject
Project("{9A19103F-16F7-4668-BE54-9A1E7A4F7556}") = "SIS.Demo", "SIS.Demo\SIS.Demo.csproj", "{4C6C0396-E6E3-44EE-9045-819645574AC6}"
EndProject
Project("{9A19103F-16F7-4668-BE54-9A1E7A4F7556}") = "Torshia.Data", "Torshia.Data\Torshia.Data.csproj", "{DE5745D6-95A0-4EC8-8E5E-AC4AF61C089E}"
EndProject
Project("{9A19103F-16F7-4668-BE54-9A1E7A4F7556}") = "Torshia.Models", "Torshia.Models\Torshia.Models.csproj", "{01E8C4BB-3897-48F5-8834-4843D93717CB}"
EndProject
Project("{9A19103F-16F7-4668-BE54-9A1E7A4F7556}") = "Torshia.App", "Torshia.App\Torshia.App.csproj", "{B9400537-4A5F-41B9-AD94-5995F2D02EED}"
EndProject
Project("{9A19103F-16F7-4668-BE54-9A1E7A4F7556}") = "Torshia.Services", "Torshia.Services\Torshia.Services.csproj", "{2154C8D8-D6AB-41E4-BD5A-2353AC5FE7E6}"
EndProject
Project("{2150E333-8FDC-42A3-9474-1A3956D46DE8}") = "Apps", "Apps", "{9BEA1719-69CD-4E7D-B312-D817C289516B}"
EndProject
Project("{2150E333-8FDC-42A3-9474-1A3956D46DE8}") = "Torshia", "Torshia", "{F6F8809E-CE74-4345-9D38-36DA395BDBB9}"
EndProject
Project("{9A19103F-16F7-4668-BE54-9A1E7A4F7556}") = "Torshia.ViewModels", "Torshia.ViewModels\Torshia.ViewModels.csproj", "{693BE563-1994-42F0-A545-326AEC23C9F3}"
EndProject
Project("{2150E333-8FDC-42A3-9474-1A3956D46DE8}") = "MishMash", "MishMash", "{2EE81837-711D-486E-99A3-464A002A5C56}"
EndProject
Project("{9A19103F-16F7-4668-BE54-9A1E7A4F7556}") = "MishMash.Data", "MishMash.Data\MishMash.Data.csproj", "{808131E8-9E89-4388-BBE5-353B730232A3}"
EndProject
Project("{9A19103F-16F7-4668-BE54-9A1E7A4F7556}") = "MishMash.Models", "MishMash.Models\MishMash.Models.csproj", "{5A7BF205-4410-447F-88F5-0A3616D29B48}"
EndProject
Project("{9A19103F-16F7-4668-BE54-9A1E7A4F7556}") = "MishMash.App", "MishMash.App\MishMash.App.csproj", "{973DD243-E7F4-4B0B-8855-36884BE71E54}"
EndProject
Project("{9A19103F-16F7-4668-BE54-9A1E7A4F7556}") = "MishMash.Services", "MishMash.Services\MishMash.Services.csproj", "{976FC589-8444-429B-B4E1-30A0048C6E3C}"
EndProject
Project("{9A19103F-16F7-4668-BE54-9A1E7A4F7556}") = "MishMash.ViewModels", "MishMash.ViewModels\MishMash.ViewModels.csproj", "{390D5818-ABFE-4F65-BCEC-64D036BF81B6}"
EndProject
Project("{2150E333-8FDC-42A3-9474-1A3956D46DE8}") = "FDMC", "FDMC", "{A99D3F39-5465-4C71-B3BD-A052B96761D6}"
EndProject
Project("{9A19103F-16F7-4668-BE54-9A1E7A4F7556}") = "FDMC.App", "FDMC.App\FDMC.App.csproj", "{9DC9FA8D-DF9B-4802-BAD9-53B85A44B7BF}"
EndProject
Project("{9A19103F-16F7-4668-BE54-9A1E7A4F7556}") = "FDMC.Data", "FDMC.Data\FDMC.Data.csproj", "{17E5E45B-4735-42AD-83D7-2629C5ED1C43}"
EndProject
Project("{9A19103F-16F7-4668-BE54-9A1E7A4F7556}") = "FDMC.Models", "FDMC.Models\FDMC.Models.csproj", "{E40853C7-ED1F-4391-A01D-A46423F563BD}"
EndProject
Project("{9A19103F-16F7-4668-BE54-9A1E7A4F7556}") = "FDMC.ViewModels", "FDMC.ViewModels\FDMC.ViewModels.csproj", "{EBDA89DD-E968-4DEC-8C9F-A8C5355110C9}"
EndProject
Project("{9A19103F-16F7-4668-BE54-9A1E7A4F7556}") = "FDMC.Services", "FDMC.Services\FDMC.Services.csproj", "{BAD50753-E4EE-4813-901E-5A8AE77BBE18}"
EndProject
Project("{2150E333-8FDC-42A3-9474-1A3956D46DE8}") = "MeTube", "MeTube", "{C36DE75A-595E-4A4A-94DC-B09AE9D0FD45}"
EndProject
Project("{9A19103F-16F7-4668-BE54-9A1E7A4F7556}") = "MeTube.Models", "MeTube.Models\MeTube.Models.csproj", "{80F6E342-0F83-4B46-8B76-536E01265ADC}"
EndProject
Project("{9A19103F-16F7-4668-BE54-9A1E7A4F7556}") = "MeTube.Data", "MeTube.Data\MeTube.Data.csproj", "{4A5461AA-1DFA-46CF-9DBA-93770077B08B}"
EndProject
Project("{9A19103F-16F7-4668-BE54-9A1E7A4F7556}") = "MeTube.ViewModels", "MeTube.ViewModels\MeTube.ViewModels.csproj", "{416EAC1D-3F76-491D-B02B-DB426315FB7F}"
EndProject
Project("{9A19103F-16F7-4668-BE54-9A1E7A4F7556}") = "MeTube.Services", "MeTube.Services\MeTube.Services.csproj", "{A095ADF6-DF65-4C18-9BDA-65647B22B7AE}"
EndProject
Project("{9A19103F-16F7-4668-BE54-9A1E7A4F7556}") = "MeTube.App", "MeTube.App\MeTube.App.csproj", "{4D099742-5EFA-47B7-8FCA-3FF262BFCDDB}"
EndProject
Project("{2150E333-8FDC-42A3-9474-1A3956D46DE8}") = "Chushka", "Chushka", "{828E0F28-A92A-4F4B-BFB0-B0BCFDFFF1A0}"
EndProject
Project("{FAE04EC0-301F-11D3-BF4B-00C04F79EFBC}") = "Chushka.App", "Chushka.App\Chushka.App.csproj", "{4472A6E9-B549-40EE-8E4E-A112856CD7D9}"
EndProject
Project("{FAE04EC0-301F-11D3-BF4B-00C04F79EFBC}") = "Chushka.ViewModels", "Chushka.ViewModels\Chushka.ViewModels.csproj", "{98B940F1-829B-4B96-AA18-7D5CEDF66340}"
EndProject
Project("{FAE04EC0-301F-11D3-BF4B-00C04F79EFBC}") = "Chushka.Services", "Chushka.Services\Chushka.Services.csproj", "{D4FA8073-85FB-4F16-95D7-13C0F1CBCC6D}"
EndProject
Project("{FAE04EC0-301F-11D3-BF4B-00C04F79EFBC}") = "Chushka.Data", "Chushka.Data\Chushka.Data.csproj", "{680461FC-AEE5-4FDE-93F5-936492C9DDE7}"
EndProject
Project("{FAE04EC0-301F-11D3-BF4B-00C04F79EFBC}") = "Chushka.Models", "Chushka.Models\Chushka.Models.csproj", "{5261E5F4-7FA5-4B77-9D25-033D6CB6F206}"
EndProject
Global
	GlobalSection(SolutionConfigurationPlatforms) = preSolution
		Debug|Any CPU = Debug|Any CPU
		Release|Any CPU = Release|Any CPU
	EndGlobalSection
	GlobalSection(ProjectConfigurationPlatforms) = postSolution
		{9069BFBB-817C-4FA4-A980-E20E9DD7A469}.Debug|Any CPU.ActiveCfg = Debug|Any CPU
		{9069BFBB-817C-4FA4-A980-E20E9DD7A469}.Debug|Any CPU.Build.0 = Debug|Any CPU
		{9069BFBB-817C-4FA4-A980-E20E9DD7A469}.Release|Any CPU.ActiveCfg = Release|Any CPU
		{9069BFBB-817C-4FA4-A980-E20E9DD7A469}.Release|Any CPU.Build.0 = Release|Any CPU
		{9C8ADFD1-16AE-4365-A160-A1C6091A0509}.Debug|Any CPU.ActiveCfg = Debug|Any CPU
		{9C8ADFD1-16AE-4365-A160-A1C6091A0509}.Debug|Any CPU.Build.0 = Debug|Any CPU
		{9C8ADFD1-16AE-4365-A160-A1C6091A0509}.Release|Any CPU.ActiveCfg = Release|Any CPU
		{9C8ADFD1-16AE-4365-A160-A1C6091A0509}.Release|Any CPU.Build.0 = Release|Any CPU
		{035FAB55-6E4D-4C26-AB35-DBB6332CBE58}.Debug|Any CPU.ActiveCfg = Debug|Any CPU
		{035FAB55-6E4D-4C26-AB35-DBB6332CBE58}.Debug|Any CPU.Build.0 = Debug|Any CPU
		{035FAB55-6E4D-4C26-AB35-DBB6332CBE58}.Release|Any CPU.ActiveCfg = Release|Any CPU
		{035FAB55-6E4D-4C26-AB35-DBB6332CBE58}.Release|Any CPU.Build.0 = Release|Any CPU
		{4C6C0396-E6E3-44EE-9045-819645574AC6}.Debug|Any CPU.ActiveCfg = Debug|Any CPU
		{4C6C0396-E6E3-44EE-9045-819645574AC6}.Debug|Any CPU.Build.0 = Debug|Any CPU
		{4C6C0396-E6E3-44EE-9045-819645574AC6}.Release|Any CPU.ActiveCfg = Release|Any CPU
		{4C6C0396-E6E3-44EE-9045-819645574AC6}.Release|Any CPU.Build.0 = Release|Any CPU
		{DE5745D6-95A0-4EC8-8E5E-AC4AF61C089E}.Debug|Any CPU.ActiveCfg = Debug|Any CPU
		{DE5745D6-95A0-4EC8-8E5E-AC4AF61C089E}.Debug|Any CPU.Build.0 = Debug|Any CPU
		{DE5745D6-95A0-4EC8-8E5E-AC4AF61C089E}.Release|Any CPU.ActiveCfg = Release|Any CPU
		{DE5745D6-95A0-4EC8-8E5E-AC4AF61C089E}.Release|Any CPU.Build.0 = Release|Any CPU
		{01E8C4BB-3897-48F5-8834-4843D93717CB}.Debug|Any CPU.ActiveCfg = Debug|Any CPU
		{01E8C4BB-3897-48F5-8834-4843D93717CB}.Debug|Any CPU.Build.0 = Debug|Any CPU
		{01E8C4BB-3897-48F5-8834-4843D93717CB}.Release|Any CPU.ActiveCfg = Release|Any CPU
		{01E8C4BB-3897-48F5-8834-4843D93717CB}.Release|Any CPU.Build.0 = Release|Any CPU
		{B9400537-4A5F-41B9-AD94-5995F2D02EED}.Debug|Any CPU.ActiveCfg = Debug|Any CPU
		{B9400537-4A5F-41B9-AD94-5995F2D02EED}.Debug|Any CPU.Build.0 = Debug|Any CPU
		{B9400537-4A5F-41B9-AD94-5995F2D02EED}.Release|Any CPU.ActiveCfg = Release|Any CPU
		{B9400537-4A5F-41B9-AD94-5995F2D02EED}.Release|Any CPU.Build.0 = Release|Any CPU
		{2154C8D8-D6AB-41E4-BD5A-2353AC5FE7E6}.Debug|Any CPU.ActiveCfg = Debug|Any CPU
		{2154C8D8-D6AB-41E4-BD5A-2353AC5FE7E6}.Debug|Any CPU.Build.0 = Debug|Any CPU
		{2154C8D8-D6AB-41E4-BD5A-2353AC5FE7E6}.Release|Any CPU.ActiveCfg = Release|Any CPU
		{2154C8D8-D6AB-41E4-BD5A-2353AC5FE7E6}.Release|Any CPU.Build.0 = Release|Any CPU
		{693BE563-1994-42F0-A545-326AEC23C9F3}.Debug|Any CPU.ActiveCfg = Debug|Any CPU
		{693BE563-1994-42F0-A545-326AEC23C9F3}.Debug|Any CPU.Build.0 = Debug|Any CPU
		{693BE563-1994-42F0-A545-326AEC23C9F3}.Release|Any CPU.ActiveCfg = Release|Any CPU
		{693BE563-1994-42F0-A545-326AEC23C9F3}.Release|Any CPU.Build.0 = Release|Any CPU
		{808131E8-9E89-4388-BBE5-353B730232A3}.Debug|Any CPU.ActiveCfg = Debug|Any CPU
		{808131E8-9E89-4388-BBE5-353B730232A3}.Debug|Any CPU.Build.0 = Debug|Any CPU
		{808131E8-9E89-4388-BBE5-353B730232A3}.Release|Any CPU.ActiveCfg = Release|Any CPU
		{808131E8-9E89-4388-BBE5-353B730232A3}.Release|Any CPU.Build.0 = Release|Any CPU
		{5A7BF205-4410-447F-88F5-0A3616D29B48}.Debug|Any CPU.ActiveCfg = Debug|Any CPU
		{5A7BF205-4410-447F-88F5-0A3616D29B48}.Debug|Any CPU.Build.0 = Debug|Any CPU
		{5A7BF205-4410-447F-88F5-0A3616D29B48}.Release|Any CPU.ActiveCfg = Release|Any CPU
		{5A7BF205-4410-447F-88F5-0A3616D29B48}.Release|Any CPU.Build.0 = Release|Any CPU
		{973DD243-E7F4-4B0B-8855-36884BE71E54}.Debug|Any CPU.ActiveCfg = Debug|Any CPU
		{973DD243-E7F4-4B0B-8855-36884BE71E54}.Debug|Any CPU.Build.0 = Debug|Any CPU
		{973DD243-E7F4-4B0B-8855-36884BE71E54}.Release|Any CPU.ActiveCfg = Release|Any CPU
		{973DD243-E7F4-4B0B-8855-36884BE71E54}.Release|Any CPU.Build.0 = Release|Any CPU
		{976FC589-8444-429B-B4E1-30A0048C6E3C}.Debug|Any CPU.ActiveCfg = Debug|Any CPU
		{976FC589-8444-429B-B4E1-30A0048C6E3C}.Debug|Any CPU.Build.0 = Debug|Any CPU
		{976FC589-8444-429B-B4E1-30A0048C6E3C}.Release|Any CPU.ActiveCfg = Release|Any CPU
		{976FC589-8444-429B-B4E1-30A0048C6E3C}.Release|Any CPU.Build.0 = Release|Any CPU
		{390D5818-ABFE-4F65-BCEC-64D036BF81B6}.Debug|Any CPU.ActiveCfg = Debug|Any CPU
		{390D5818-ABFE-4F65-BCEC-64D036BF81B6}.Debug|Any CPU.Build.0 = Debug|Any CPU
		{390D5818-ABFE-4F65-BCEC-64D036BF81B6}.Release|Any CPU.ActiveCfg = Release|Any CPU
		{390D5818-ABFE-4F65-BCEC-64D036BF81B6}.Release|Any CPU.Build.0 = Release|Any CPU
		{9DC9FA8D-DF9B-4802-BAD9-53B85A44B7BF}.Debug|Any CPU.ActiveCfg = Debug|Any CPU
		{9DC9FA8D-DF9B-4802-BAD9-53B85A44B7BF}.Debug|Any CPU.Build.0 = Debug|Any CPU
		{9DC9FA8D-DF9B-4802-BAD9-53B85A44B7BF}.Release|Any CPU.ActiveCfg = Release|Any CPU
		{9DC9FA8D-DF9B-4802-BAD9-53B85A44B7BF}.Release|Any CPU.Build.0 = Release|Any CPU
		{17E5E45B-4735-42AD-83D7-2629C5ED1C43}.Debug|Any CPU.ActiveCfg = Debug|Any CPU
		{17E5E45B-4735-42AD-83D7-2629C5ED1C43}.Debug|Any CPU.Build.0 = Debug|Any CPU
		{17E5E45B-4735-42AD-83D7-2629C5ED1C43}.Release|Any CPU.ActiveCfg = Release|Any CPU
		{17E5E45B-4735-42AD-83D7-2629C5ED1C43}.Release|Any CPU.Build.0 = Release|Any CPU
		{E40853C7-ED1F-4391-A01D-A46423F563BD}.Debug|Any CPU.ActiveCfg = Debug|Any CPU
		{E40853C7-ED1F-4391-A01D-A46423F563BD}.Debug|Any CPU.Build.0 = Debug|Any CPU
		{E40853C7-ED1F-4391-A01D-A46423F563BD}.Release|Any CPU.ActiveCfg = Release|Any CPU
		{E40853C7-ED1F-4391-A01D-A46423F563BD}.Release|Any CPU.Build.0 = Release|Any CPU
		{EBDA89DD-E968-4DEC-8C9F-A8C5355110C9}.Debug|Any CPU.ActiveCfg = Debug|Any CPU
		{EBDA89DD-E968-4DEC-8C9F-A8C5355110C9}.Debug|Any CPU.Build.0 = Debug|Any CPU
		{EBDA89DD-E968-4DEC-8C9F-A8C5355110C9}.Release|Any CPU.ActiveCfg = Release|Any CPU
		{EBDA89DD-E968-4DEC-8C9F-A8C5355110C9}.Release|Any CPU.Build.0 = Release|Any CPU
		{BAD50753-E4EE-4813-901E-5A8AE77BBE18}.Debug|Any CPU.ActiveCfg = Debug|Any CPU
		{BAD50753-E4EE-4813-901E-5A8AE77BBE18}.Debug|Any CPU.Build.0 = Debug|Any CPU
		{BAD50753-E4EE-4813-901E-5A8AE77BBE18}.Release|Any CPU.ActiveCfg = Release|Any CPU
		{BAD50753-E4EE-4813-901E-5A8AE77BBE18}.Release|Any CPU.Build.0 = Release|Any CPU
		{80F6E342-0F83-4B46-8B76-536E01265ADC}.Debug|Any CPU.ActiveCfg = Debug|Any CPU
		{80F6E342-0F83-4B46-8B76-536E01265ADC}.Debug|Any CPU.Build.0 = Debug|Any CPU
		{80F6E342-0F83-4B46-8B76-536E01265ADC}.Release|Any CPU.ActiveCfg = Release|Any CPU
		{80F6E342-0F83-4B46-8B76-536E01265ADC}.Release|Any CPU.Build.0 = Release|Any CPU
		{4A5461AA-1DFA-46CF-9DBA-93770077B08B}.Debug|Any CPU.ActiveCfg = Debug|Any CPU
		{4A5461AA-1DFA-46CF-9DBA-93770077B08B}.Debug|Any CPU.Build.0 = Debug|Any CPU
		{4A5461AA-1DFA-46CF-9DBA-93770077B08B}.Release|Any CPU.ActiveCfg = Release|Any CPU
		{4A5461AA-1DFA-46CF-9DBA-93770077B08B}.Release|Any CPU.Build.0 = Release|Any CPU
		{416EAC1D-3F76-491D-B02B-DB426315FB7F}.Debug|Any CPU.ActiveCfg = Debug|Any CPU
		{416EAC1D-3F76-491D-B02B-DB426315FB7F}.Debug|Any CPU.Build.0 = Debug|Any CPU
		{416EAC1D-3F76-491D-B02B-DB426315FB7F}.Release|Any CPU.ActiveCfg = Release|Any CPU
		{416EAC1D-3F76-491D-B02B-DB426315FB7F}.Release|Any CPU.Build.0 = Release|Any CPU
		{A095ADF6-DF65-4C18-9BDA-65647B22B7AE}.Debug|Any CPU.ActiveCfg = Debug|Any CPU
		{A095ADF6-DF65-4C18-9BDA-65647B22B7AE}.Debug|Any CPU.Build.0 = Debug|Any CPU
		{A095ADF6-DF65-4C18-9BDA-65647B22B7AE}.Release|Any CPU.ActiveCfg = Release|Any CPU
		{A095ADF6-DF65-4C18-9BDA-65647B22B7AE}.Release|Any CPU.Build.0 = Release|Any CPU
		{4D099742-5EFA-47B7-8FCA-3FF262BFCDDB}.Debug|Any CPU.ActiveCfg = Debug|Any CPU
		{4D099742-5EFA-47B7-8FCA-3FF262BFCDDB}.Debug|Any CPU.Build.0 = Debug|Any CPU
		{4D099742-5EFA-47B7-8FCA-3FF262BFCDDB}.Release|Any CPU.ActiveCfg = Release|Any CPU
		{4D099742-5EFA-47B7-8FCA-3FF262BFCDDB}.Release|Any CPU.Build.0 = Release|Any CPU
		{4472A6E9-B549-40EE-8E4E-A112856CD7D9}.Debug|Any CPU.ActiveCfg = Debug|Any CPU
		{4472A6E9-B549-40EE-8E4E-A112856CD7D9}.Debug|Any CPU.Build.0 = Debug|Any CPU
		{4472A6E9-B549-40EE-8E4E-A112856CD7D9}.Release|Any CPU.ActiveCfg = Release|Any CPU
		{4472A6E9-B549-40EE-8E4E-A112856CD7D9}.Release|Any CPU.Build.0 = Release|Any CPU
		{98B940F1-829B-4B96-AA18-7D5CEDF66340}.Debug|Any CPU.ActiveCfg = Debug|Any CPU
		{98B940F1-829B-4B96-AA18-7D5CEDF66340}.Debug|Any CPU.Build.0 = Debug|Any CPU
		{98B940F1-829B-4B96-AA18-7D5CEDF66340}.Release|Any CPU.ActiveCfg = Release|Any CPU
		{98B940F1-829B-4B96-AA18-7D5CEDF66340}.Release|Any CPU.Build.0 = Release|Any CPU
		{D4FA8073-85FB-4F16-95D7-13C0F1CBCC6D}.Debug|Any CPU.ActiveCfg = Debug|Any CPU
		{D4FA8073-85FB-4F16-95D7-13C0F1CBCC6D}.Debug|Any CPU.Build.0 = Debug|Any CPU
		{D4FA8073-85FB-4F16-95D7-13C0F1CBCC6D}.Release|Any CPU.ActiveCfg = Release|Any CPU
		{D4FA8073-85FB-4F16-95D7-13C0F1CBCC6D}.Release|Any CPU.Build.0 = Release|Any CPU
		{680461FC-AEE5-4FDE-93F5-936492C9DDE7}.Debug|Any CPU.ActiveCfg = Debug|Any CPU
		{680461FC-AEE5-4FDE-93F5-936492C9DDE7}.Debug|Any CPU.Build.0 = Debug|Any CPU
		{680461FC-AEE5-4FDE-93F5-936492C9DDE7}.Release|Any CPU.ActiveCfg = Release|Any CPU
		{680461FC-AEE5-4FDE-93F5-936492C9DDE7}.Release|Any CPU.Build.0 = Release|Any CPU
		{5261E5F4-7FA5-4B77-9D25-033D6CB6F206}.Debug|Any CPU.ActiveCfg = Debug|Any CPU
		{5261E5F4-7FA5-4B77-9D25-033D6CB6F206}.Debug|Any CPU.Build.0 = Debug|Any CPU
		{5261E5F4-7FA5-4B77-9D25-033D6CB6F206}.Release|Any CPU.ActiveCfg = Release|Any CPU
		{5261E5F4-7FA5-4B77-9D25-033D6CB6F206}.Release|Any CPU.Build.0 = Release|Any CPU
	EndGlobalSection
	GlobalSection(SolutionProperties) = preSolution
		HideSolutionNode = FALSE
	EndGlobalSection
	GlobalSection(NestedProjects) = preSolution
		{DE5745D6-95A0-4EC8-8E5E-AC4AF61C089E} = {F6F8809E-CE74-4345-9D38-36DA395BDBB9}
		{01E8C4BB-3897-48F5-8834-4843D93717CB} = {F6F8809E-CE74-4345-9D38-36DA395BDBB9}
		{B9400537-4A5F-41B9-AD94-5995F2D02EED} = {F6F8809E-CE74-4345-9D38-36DA395BDBB9}
		{2154C8D8-D6AB-41E4-BD5A-2353AC5FE7E6} = {F6F8809E-CE74-4345-9D38-36DA395BDBB9}
		{F6F8809E-CE74-4345-9D38-36DA395BDBB9} = {9BEA1719-69CD-4E7D-B312-D817C289516B}
		{693BE563-1994-42F0-A545-326AEC23C9F3} = {F6F8809E-CE74-4345-9D38-36DA395BDBB9}
		{2EE81837-711D-486E-99A3-464A002A5C56} = {9BEA1719-69CD-4E7D-B312-D817C289516B}
		{808131E8-9E89-4388-BBE5-353B730232A3} = {2EE81837-711D-486E-99A3-464A002A5C56}
		{5A7BF205-4410-447F-88F5-0A3616D29B48} = {2EE81837-711D-486E-99A3-464A002A5C56}
		{973DD243-E7F4-4B0B-8855-36884BE71E54} = {2EE81837-711D-486E-99A3-464A002A5C56}
		{976FC589-8444-429B-B4E1-30A0048C6E3C} = {2EE81837-711D-486E-99A3-464A002A5C56}
		{390D5818-ABFE-4F65-BCEC-64D036BF81B6} = {2EE81837-711D-486E-99A3-464A002A5C56}
		{A99D3F39-5465-4C71-B3BD-A052B96761D6} = {9BEA1719-69CD-4E7D-B312-D817C289516B}
		{9DC9FA8D-DF9B-4802-BAD9-53B85A44B7BF} = {A99D3F39-5465-4C71-B3BD-A052B96761D6}
		{17E5E45B-4735-42AD-83D7-2629C5ED1C43} = {A99D3F39-5465-4C71-B3BD-A052B96761D6}
		{E40853C7-ED1F-4391-A01D-A46423F563BD} = {A99D3F39-5465-4C71-B3BD-A052B96761D6}
		{EBDA89DD-E968-4DEC-8C9F-A8C5355110C9} = {A99D3F39-5465-4C71-B3BD-A052B96761D6}
		{BAD50753-E4EE-4813-901E-5A8AE77BBE18} = {A99D3F39-5465-4C71-B3BD-A052B96761D6}
		{C36DE75A-595E-4A4A-94DC-B09AE9D0FD45} = {9BEA1719-69CD-4E7D-B312-D817C289516B}
		{80F6E342-0F83-4B46-8B76-536E01265ADC} = {C36DE75A-595E-4A4A-94DC-B09AE9D0FD45}
		{4A5461AA-1DFA-46CF-9DBA-93770077B08B} = {C36DE75A-595E-4A4A-94DC-B09AE9D0FD45}
		{416EAC1D-3F76-491D-B02B-DB426315FB7F} = {C36DE75A-595E-4A4A-94DC-B09AE9D0FD45}
		{A095ADF6-DF65-4C18-9BDA-65647B22B7AE} = {C36DE75A-595E-4A4A-94DC-B09AE9D0FD45}
		{4D099742-5EFA-47B7-8FCA-3FF262BFCDDB} = {C36DE75A-595E-4A4A-94DC-B09AE9D0FD45}
		{828E0F28-A92A-4F4B-BFB0-B0BCFDFFF1A0} = {9BEA1719-69CD-4E7D-B312-D817C289516B}
		{4472A6E9-B549-40EE-8E4E-A112856CD7D9} = {828E0F28-A92A-4F4B-BFB0-B0BCFDFFF1A0}
		{98B940F1-829B-4B96-AA18-7D5CEDF66340} = {828E0F28-A92A-4F4B-BFB0-B0BCFDFFF1A0}
		{D4FA8073-85FB-4F16-95D7-13C0F1CBCC6D} = {828E0F28-A92A-4F4B-BFB0-B0BCFDFFF1A0}
		{680461FC-AEE5-4FDE-93F5-936492C9DDE7} = {828E0F28-A92A-4F4B-BFB0-B0BCFDFFF1A0}
		{5261E5F4-7FA5-4B77-9D25-033D6CB6F206} = {828E0F28-A92A-4F4B-BFB0-B0BCFDFFF1A0}
	EndGlobalSection
	GlobalSection(ExtensibilityGlobals) = postSolution
		SolutionGuid = {7DDABD09-DCFC-4DD2-996C-EDD241D1D1F0}
	EndGlobalSection
EndGlobal
